// !$*UTF8*$!
{
	archiveVersion = 1;
	classes = {
	};
	objectVersion = 50;
	objects = {

/* Begin PBXBuildFile section */
		4A645806B432D94C6DCFFAE7 /* Pods_Amatda_iOS.framework in Frameworks */ = {isa = PBXBuildFile; fileRef = F64A4D307AC1ADB84E0B2D7F /* Pods_Amatda_iOS.framework */; };
		A10D319D21F2FA45006132C5 /* AMBaseViewController.swift in Sources */ = {isa = PBXBuildFile; fileRef = A10D319C21F2FA45006132C5 /* AMBaseViewController.swift */; };
		A10D31A221F31718006132C5 /* AMViewControllerUISetAble.swift in Sources */ = {isa = PBXBuildFile; fileRef = A10D31A121F31718006132C5 /* AMViewControllerUISetAble.swift */; };
		A10D31A421F4574F006132C5 /* AMWriteViewController.swift in Sources */ = {isa = PBXBuildFile; fileRef = A10D31A321F4574F006132C5 /* AMWriteViewController.swift */; };
		A10D31A821F46156006132C5 /* AMWriteView.swift in Sources */ = {isa = PBXBuildFile; fileRef = A10D31A721F46156006132C5 /* AMWriteView.swift */; };
		A10D31AA21F4620E006132C5 /* AMBaseView.swift in Sources */ = {isa = PBXBuildFile; fileRef = A10D31A921F4620E006132C5 /* AMBaseView.swift */; };
		A120640E220DAA3B001EC1EF /* AMMainHeaderView.swift in Sources */ = {isa = PBXBuildFile; fileRef = A120640D220DAA3B001EC1EF /* AMMainHeaderView.swift */; };
		A1206410220DB1DA001EC1EF /* AMMainHeaderLayout.swift in Sources */ = {isa = PBXBuildFile; fileRef = A120640F220DB1DA001EC1EF /* AMMainHeaderLayout.swift */; };
		A13F22CF21FF643F006675FC /* AMDeviceInfo.swift in Sources */ = {isa = PBXBuildFile; fileRef = A13F22CE21FF643F006675FC /* AMDeviceInfo.swift */; };
		A13F22D221FF685F006675FC /* AMPlusButton.swift in Sources */ = {isa = PBXBuildFile; fileRef = A13F22D121FF685F006675FC /* AMPlusButton.swift */; };
		A18841CB2201C922009EC62E /* AMMainViewModel.swift in Sources */ = {isa = PBXBuildFile; fileRef = A18841CA2201C922009EC62E /* AMMainViewModel.swift */; };
		A1A47DE721E1E9EA0067D46B /* AppDelegate.swift in Sources */ = {isa = PBXBuildFile; fileRef = A1A47DE621E1E9EA0067D46B /* AppDelegate.swift */; };
		A1A47DE921E1E9EA0067D46B /* AMMainViewController.swift in Sources */ = {isa = PBXBuildFile; fileRef = A1A47DE821E1E9EA0067D46B /* AMMainViewController.swift */; };
		A1A47DEC21E1E9EA0067D46B /* Main.storyboard in Resources */ = {isa = PBXBuildFile; fileRef = A1A47DEA21E1E9EA0067D46B /* Main.storyboard */; };
		A1A47DEE21E1E9EB0067D46B /* Assets.xcassets in Resources */ = {isa = PBXBuildFile; fileRef = A1A47DED21E1E9EB0067D46B /* Assets.xcassets */; };
		A1A47DF121E1E9EB0067D46B /* LaunchScreen.storyboard in Resources */ = {isa = PBXBuildFile; fileRef = A1A47DEF21E1E9EB0067D46B /* LaunchScreen.storyboard */; };
		A1A47DFC21E1E9EC0067D46B /* Amatda_iOSTests.swift in Sources */ = {isa = PBXBuildFile; fileRef = A1A47DFB21E1E9EC0067D46B /* Amatda_iOSTests.swift */; };
		A1A47E0721E1E9EC0067D46B /* Amatda_iOSUITests.swift in Sources */ = {isa = PBXBuildFile; fileRef = A1A47E0621E1E9EC0067D46B /* Amatda_iOSUITests.swift */; };
		BABB4F0D21F811FF00616FD7 /* AMViewAnimatable.swift in Sources */ = {isa = PBXBuildFile; fileRef = BABB4F0C21F811FF00616FD7 /* AMViewAnimatable.swift */; };
		BAD622C521EC73FD00BA2C27 /* AMPresentAnimateSetting.swift in Sources */ = {isa = PBXBuildFile; fileRef = BAD622C221EC73FC00BA2C27 /* AMPresentAnimateSetting.swift */; };
		BAD622C621EC73FD00BA2C27 /* AMPresentAnimateViewController.swift in Sources */ = {isa = PBXBuildFile; fileRef = BAD622C321EC73FD00BA2C27 /* AMPresentAnimateViewController.swift */; };
		BAD622C721EC73FD00BA2C27 /* AMActionAnimate.swift in Sources */ = {isa = PBXBuildFile; fileRef = BAD622C421EC73FD00BA2C27 /* AMActionAnimate.swift */; };
		BAFDB75E6127612B16B6B881 /* Pods_Amatda_iOSTests.framework in Frameworks */ = {isa = PBXBuildFile; fileRef = 498A330DF2B63D53C6285116 /* Pods_Amatda_iOSTests.framework */; };
		FC6D6EE8EFFB522939240D04 /* Pods_Amatda_iOSUITests.framework in Frameworks */ = {isa = PBXBuildFile; fileRef = 258DA2E9B7B8DAF32B612370 /* Pods_Amatda_iOSUITests.framework */; };
/* End PBXBuildFile section */

/* Begin PBXContainerItemProxy section */
		A1A47DF821E1E9EC0067D46B /* PBXContainerItemProxy */ = {
			isa = PBXContainerItemProxy;
			containerPortal = A1A47DDB21E1E9EA0067D46B /* Project object */;
			proxyType = 1;
			remoteGlobalIDString = A1A47DE221E1E9EA0067D46B;
			remoteInfo = "Amatda-iOS";
		};
		A1A47E0321E1E9EC0067D46B /* PBXContainerItemProxy */ = {
			isa = PBXContainerItemProxy;
			containerPortal = A1A47DDB21E1E9EA0067D46B /* Project object */;
			proxyType = 1;
			remoteGlobalIDString = A1A47DE221E1E9EA0067D46B;
			remoteInfo = "Amatda-iOS";
		};
/* End PBXContainerItemProxy section */

/* Begin PBXFileReference section */
		258DA2E9B7B8DAF32B612370 /* Pods_Amatda_iOSUITests.framework */ = {isa = PBXFileReference; explicitFileType = wrapper.framework; includeInIndex = 0; path = Pods_Amatda_iOSUITests.framework; sourceTree = BUILT_PRODUCTS_DIR; };
		498A330DF2B63D53C6285116 /* Pods_Amatda_iOSTests.framework */ = {isa = PBXFileReference; explicitFileType = wrapper.framework; includeInIndex = 0; path = Pods_Amatda_iOSTests.framework; sourceTree = BUILT_PRODUCTS_DIR; };
		5DE5AD3FC9D96389C6DB9DD6 /* Pods-Amatda-iOS.debug.xcconfig */ = {isa = PBXFileReference; includeInIndex = 1; lastKnownFileType = text.xcconfig; name = "Pods-Amatda-iOS.debug.xcconfig"; path = "Pods/Target Support Files/Pods-Amatda-iOS/Pods-Amatda-iOS.debug.xcconfig"; sourceTree = "<group>"; };
		86A63FD1321982FA3CF7FBFB /* Pods-Amatda-iOS.release.xcconfig */ = {isa = PBXFileReference; includeInIndex = 1; lastKnownFileType = text.xcconfig; name = "Pods-Amatda-iOS.release.xcconfig"; path = "Pods/Target Support Files/Pods-Amatda-iOS/Pods-Amatda-iOS.release.xcconfig"; sourceTree = "<group>"; };
		883A4492F7716ABC318FD620 /* Pods-Amatda-iOSTests.release.xcconfig */ = {isa = PBXFileReference; includeInIndex = 1; lastKnownFileType = text.xcconfig; name = "Pods-Amatda-iOSTests.release.xcconfig"; path = "Pods/Target Support Files/Pods-Amatda-iOSTests/Pods-Amatda-iOSTests.release.xcconfig"; sourceTree = "<group>"; };
		987DD9680C6750F554AD46C5 /* Pods-Amatda-iOSTests.debug.xcconfig */ = {isa = PBXFileReference; includeInIndex = 1; lastKnownFileType = text.xcconfig; name = "Pods-Amatda-iOSTests.debug.xcconfig"; path = "Pods/Target Support Files/Pods-Amatda-iOSTests/Pods-Amatda-iOSTests.debug.xcconfig"; sourceTree = "<group>"; };
		A10D319C21F2FA45006132C5 /* AMBaseViewController.swift */ = {isa = PBXFileReference; lastKnownFileType = sourcecode.swift; path = AMBaseViewController.swift; sourceTree = "<group>"; };
		A10D31A121F31718006132C5 /* AMViewControllerUISetAble.swift */ = {isa = PBXFileReference; lastKnownFileType = sourcecode.swift; path = AMViewControllerUISetAble.swift; sourceTree = "<group>"; };
		A10D31A321F4574F006132C5 /* AMWriteViewController.swift */ = {isa = PBXFileReference; lastKnownFileType = sourcecode.swift; path = AMWriteViewController.swift; sourceTree = "<group>"; };
		A10D31A721F46156006132C5 /* AMWriteView.swift */ = {isa = PBXFileReference; lastKnownFileType = sourcecode.swift; path = AMWriteView.swift; sourceTree = "<group>"; };
		A10D31A921F4620E006132C5 /* AMBaseView.swift */ = {isa = PBXFileReference; lastKnownFileType = sourcecode.swift; path = AMBaseView.swift; sourceTree = "<group>"; };
		A120640D220DAA3B001EC1EF /* AMMainHeaderView.swift */ = {isa = PBXFileReference; lastKnownFileType = sourcecode.swift; path = AMMainHeaderView.swift; sourceTree = "<group>"; };
		A120640F220DB1DA001EC1EF /* AMMainHeaderLayout.swift */ = {isa = PBXFileReference; lastKnownFileType = sourcecode.swift; path = AMMainHeaderLayout.swift; sourceTree = "<group>"; };
		A13F22CE21FF643F006675FC /* AMDeviceInfo.swift */ = {isa = PBXFileReference; lastKnownFileType = sourcecode.swift; path = AMDeviceInfo.swift; sourceTree = "<group>"; };
		A13F22D121FF685F006675FC /* AMPlusButton.swift */ = {isa = PBXFileReference; lastKnownFileType = sourcecode.swift; path = AMPlusButton.swift; sourceTree = "<group>"; };
		A18841CA2201C922009EC62E /* AMMainViewModel.swift */ = {isa = PBXFileReference; lastKnownFileType = sourcecode.swift; path = AMMainViewModel.swift; sourceTree = "<group>"; };
		A1A47DE321E1E9EA0067D46B /* Amatda-iOS.app */ = {isa = PBXFileReference; explicitFileType = wrapper.application; includeInIndex = 0; path = "Amatda-iOS.app"; sourceTree = BUILT_PRODUCTS_DIR; };
		A1A47DE621E1E9EA0067D46B /* AppDelegate.swift */ = {isa = PBXFileReference; lastKnownFileType = sourcecode.swift; path = AppDelegate.swift; sourceTree = "<group>"; };
		A1A47DE821E1E9EA0067D46B /* AMMainViewController.swift */ = {isa = PBXFileReference; lastKnownFileType = sourcecode.swift; path = AMMainViewController.swift; sourceTree = "<group>"; };
		A1A47DEB21E1E9EA0067D46B /* Base */ = {isa = PBXFileReference; lastKnownFileType = file.storyboard; name = Base; path = Base.lproj/Main.storyboard; sourceTree = "<group>"; };
		A1A47DED21E1E9EB0067D46B /* Assets.xcassets */ = {isa = PBXFileReference; lastKnownFileType = folder.assetcatalog; path = Assets.xcassets; sourceTree = "<group>"; };
		A1A47DF021E1E9EB0067D46B /* Base */ = {isa = PBXFileReference; lastKnownFileType = file.storyboard; name = Base; path = Base.lproj/LaunchScreen.storyboard; sourceTree = "<group>"; };
		A1A47DF221E1E9EB0067D46B /* Info.plist */ = {isa = PBXFileReference; lastKnownFileType = text.plist.xml; path = Info.plist; sourceTree = "<group>"; };
		A1A47DF721E1E9EC0067D46B /* Amatda-iOSTests.xctest */ = {isa = PBXFileReference; explicitFileType = wrapper.cfbundle; includeInIndex = 0; path = "Amatda-iOSTests.xctest"; sourceTree = BUILT_PRODUCTS_DIR; };
		A1A47DFB21E1E9EC0067D46B /* Amatda_iOSTests.swift */ = {isa = PBXFileReference; lastKnownFileType = sourcecode.swift; path = Amatda_iOSTests.swift; sourceTree = "<group>"; };
		A1A47DFD21E1E9EC0067D46B /* Info.plist */ = {isa = PBXFileReference; lastKnownFileType = text.plist.xml; path = Info.plist; sourceTree = "<group>"; };
		A1A47E0221E1E9EC0067D46B /* Amatda-iOSUITests.xctest */ = {isa = PBXFileReference; explicitFileType = wrapper.cfbundle; includeInIndex = 0; path = "Amatda-iOSUITests.xctest"; sourceTree = BUILT_PRODUCTS_DIR; };
		A1A47E0621E1E9EC0067D46B /* Amatda_iOSUITests.swift */ = {isa = PBXFileReference; lastKnownFileType = sourcecode.swift; path = Amatda_iOSUITests.swift; sourceTree = "<group>"; };
		A1A47E0821E1E9EC0067D46B /* Info.plist */ = {isa = PBXFileReference; lastKnownFileType = text.plist.xml; path = Info.plist; sourceTree = "<group>"; };
		BABB4F0C21F811FF00616FD7 /* AMViewAnimatable.swift */ = {isa = PBXFileReference; lastKnownFileType = sourcecode.swift; path = AMViewAnimatable.swift; sourceTree = "<group>"; };
		BAD622C221EC73FC00BA2C27 /* AMPresentAnimateSetting.swift */ = {isa = PBXFileReference; fileEncoding = 4; lastKnownFileType = sourcecode.swift; path = AMPresentAnimateSetting.swift; sourceTree = "<group>"; };
		BAD622C321EC73FD00BA2C27 /* AMPresentAnimateViewController.swift */ = {isa = PBXFileReference; fileEncoding = 4; lastKnownFileType = sourcecode.swift; path = AMPresentAnimateViewController.swift; sourceTree = "<group>"; };
		BAD622C421EC73FD00BA2C27 /* AMActionAnimate.swift */ = {isa = PBXFileReference; fileEncoding = 4; lastKnownFileType = sourcecode.swift; path = AMActionAnimate.swift; sourceTree = "<group>"; };
		D809D6D2C416B9645B29265B /* Pods-Amatda-iOSUITests.release.xcconfig */ = {isa = PBXFileReference; includeInIndex = 1; lastKnownFileType = text.xcconfig; name = "Pods-Amatda-iOSUITests.release.xcconfig"; path = "Pods/Target Support Files/Pods-Amatda-iOSUITests/Pods-Amatda-iOSUITests.release.xcconfig"; sourceTree = "<group>"; };
		F64A4D307AC1ADB84E0B2D7F /* Pods_Amatda_iOS.framework */ = {isa = PBXFileReference; explicitFileType = wrapper.framework; includeInIndex = 0; path = Pods_Amatda_iOS.framework; sourceTree = BUILT_PRODUCTS_DIR; };
		FF4C16790ADCC536F6A0071B /* Pods-Amatda-iOSUITests.debug.xcconfig */ = {isa = PBXFileReference; includeInIndex = 1; lastKnownFileType = text.xcconfig; name = "Pods-Amatda-iOSUITests.debug.xcconfig"; path = "Pods/Target Support Files/Pods-Amatda-iOSUITests/Pods-Amatda-iOSUITests.debug.xcconfig"; sourceTree = "<group>"; };
/* End PBXFileReference section */

/* Begin PBXFrameworksBuildPhase section */
		A1A47DE021E1E9EA0067D46B /* Frameworks */ = {
			isa = PBXFrameworksBuildPhase;
			buildActionMask = 2147483647;
			files = (
				4A645806B432D94C6DCFFAE7 /* Pods_Amatda_iOS.framework in Frameworks */,
			);
			runOnlyForDeploymentPostprocessing = 0;
		};
		A1A47DF421E1E9EC0067D46B /* Frameworks */ = {
			isa = PBXFrameworksBuildPhase;
			buildActionMask = 2147483647;
			files = (
				BAFDB75E6127612B16B6B881 /* Pods_Amatda_iOSTests.framework in Frameworks */,
			);
			runOnlyForDeploymentPostprocessing = 0;
		};
		A1A47DFF21E1E9EC0067D46B /* Frameworks */ = {
			isa = PBXFrameworksBuildPhase;
			buildActionMask = 2147483647;
			files = (
				FC6D6EE8EFFB522939240D04 /* Pods_Amatda_iOSUITests.framework in Frameworks */,
			);
			runOnlyForDeploymentPostprocessing = 0;
		};
/* End PBXFrameworksBuildPhase section */

/* Begin PBXGroup section */
		8133EBC23ED3478076DBD84C /* Frameworks */ = {
			isa = PBXGroup;
			children = (
				F64A4D307AC1ADB84E0B2D7F /* Pods_Amatda_iOS.framework */,
				498A330DF2B63D53C6285116 /* Pods_Amatda_iOSTests.framework */,
				258DA2E9B7B8DAF32B612370 /* Pods_Amatda_iOSUITests.framework */,
			);
			name = Frameworks;
			sourceTree = "<group>";
		};
		A10D319B21F2FA32006132C5 /* Base */ = {
			isa = PBXGroup;
			children = (
				A10D319C21F2FA45006132C5 /* AMBaseViewController.swift */,
				A10D31A921F4620E006132C5 /* AMBaseView.swift */,
			);
			path = Base;
			sourceTree = "<group>";
		};
		A10D31A021F316D9006132C5 /* Protocol */ = {
			isa = PBXGroup;
			children = (
				A10D31A121F31718006132C5 /* AMViewControllerUISetAble.swift */,
				BABB4F0C21F811FF00616FD7 /* AMViewAnimatable.swift */,
			);
			path = Protocol;
			sourceTree = "<group>";
		};
		A10D31A521F45F63006132C5 /* ViewController */ = {
			isa = PBXGroup;
			children = (
				A18841C92201C8F4009EC62E /* Main */,
				A10D31A621F46141006132C5 /* Write */,
			);
			path = ViewController;
			sourceTree = "<group>";
		};
		A10D31A621F46141006132C5 /* Write */ = {
			isa = PBXGroup;
			children = (
				A10D31A321F4574F006132C5 /* AMWriteViewController.swift */,
				A10D31A721F46156006132C5 /* AMWriteView.swift */,
			);
			path = Write;
			sourceTree = "<group>";
		};
		A13F22CD21FF642C006675FC /* Common */ = {
			isa = PBXGroup;
			children = (
				BAD622C121EC73D100BA2C27 /* Animate */,
				A10D31A021F316D9006132C5 /* Protocol */,
				A1D89ABC221328EC0036C4BC /* Extension */,
				A10D319B21F2FA32006132C5 /* Base */,
				A13F22D021FF683A006675FC /* CustomUI */,
				A13F22CE21FF643F006675FC /* AMDeviceInfo.swift */,
			);
			path = Common;
			sourceTree = "<group>";
		};
		A13F22D021FF683A006675FC /* CustomUI */ = {
			isa = PBXGroup;
			children = (
				A13F22D121FF685F006675FC /* AMPlusButton.swift */,
			);
			path = CustomUI;
			sourceTree = "<group>";
		};
		A18841C92201C8F4009EC62E /* Main */ = {
			isa = PBXGroup;
			children = (
				A1A47DE821E1E9EA0067D46B /* AMMainViewController.swift */,
				A18841CA2201C922009EC62E /* AMMainViewModel.swift */,
				A120640D220DAA3B001EC1EF /* AMMainHeaderView.swift */,
				A120640F220DB1DA001EC1EF /* AMMainHeaderLayout.swift */,
			);
			path = Main;
			sourceTree = "<group>";
		};
		A1A47DDA21E1E9EA0067D46B = {
			isa = PBXGroup;
			children = (
				A1A47DE521E1E9EA0067D46B /* Amatda-iOS */,
				A1A47DFA21E1E9EC0067D46B /* Amatda-iOSTests */,
				A1A47E0521E1E9EC0067D46B /* Amatda-iOSUITests */,
				A1A47DE421E1E9EA0067D46B /* Products */,
				E3C609FD7019AA4CF740C6AC /* Pods */,
				8133EBC23ED3478076DBD84C /* Frameworks */,
			);
			sourceTree = "<group>";
		};
		A1A47DE421E1E9EA0067D46B /* Products */ = {
			isa = PBXGroup;
			children = (
				A1A47DE321E1E9EA0067D46B /* Amatda-iOS.app */,
				A1A47DF721E1E9EC0067D46B /* Amatda-iOSTests.xctest */,
				A1A47E0221E1E9EC0067D46B /* Amatda-iOSUITests.xctest */,
			);
			name = Products;
			sourceTree = "<group>";
		};
		A1A47DE521E1E9EA0067D46B /* Amatda-iOS */ = {
			isa = PBXGroup;
			children = (
				A13F22CD21FF642C006675FC /* Common */,
				A10D31A521F45F63006132C5 /* ViewController */,
				A1A47DE621E1E9EA0067D46B /* AppDelegate.swift */,
				A1A47DEA21E1E9EA0067D46B /* Main.storyboard */,
				A1A47DED21E1E9EB0067D46B /* Assets.xcassets */,
				A1A47DEF21E1E9EB0067D46B /* LaunchScreen.storyboard */,
				A1A47DF221E1E9EB0067D46B /* Info.plist */,
			);
			path = "Amatda-iOS";
			sourceTree = "<group>";
		};
		A1A47DFA21E1E9EC0067D46B /* Amatda-iOSTests */ = {
			isa = PBXGroup;
			children = (
				A1A47DFB21E1E9EC0067D46B /* Amatda_iOSTests.swift */,
				A1A47DFD21E1E9EC0067D46B /* Info.plist */,
			);
			path = "Amatda-iOSTests";
			sourceTree = "<group>";
		};
		A1A47E0521E1E9EC0067D46B /* Amatda-iOSUITests */ = {
			isa = PBXGroup;
			children = (
				A1A47E0621E1E9EC0067D46B /* Amatda_iOSUITests.swift */,
				A1A47E0821E1E9EC0067D46B /* Info.plist */,
			);
			path = "Amatda-iOSUITests";
			sourceTree = "<group>";
		};
		A1D89ABC221328EC0036C4BC /* Extension */ = {
			isa = PBXGroup;
			children = (
			);
			path = Extension;
			sourceTree = "<group>";
		};
		BAD622C121EC73D100BA2C27 /* Animate */ = {
			isa = PBXGroup;
			children = (
				BAD622C421EC73FD00BA2C27 /* AMActionAnimate.swift */,
				BAD622C221EC73FC00BA2C27 /* AMPresentAnimateSetting.swift */,
				BAD622C321EC73FD00BA2C27 /* AMPresentAnimateViewController.swift */,
			);
			path = Animate;
			sourceTree = "<group>";
		};
		E3C609FD7019AA4CF740C6AC /* Pods */ = {
			isa = PBXGroup;
			children = (
				5DE5AD3FC9D96389C6DB9DD6 /* Pods-Amatda-iOS.debug.xcconfig */,
				86A63FD1321982FA3CF7FBFB /* Pods-Amatda-iOS.release.xcconfig */,
				987DD9680C6750F554AD46C5 /* Pods-Amatda-iOSTests.debug.xcconfig */,
				883A4492F7716ABC318FD620 /* Pods-Amatda-iOSTests.release.xcconfig */,
				FF4C16790ADCC536F6A0071B /* Pods-Amatda-iOSUITests.debug.xcconfig */,
				D809D6D2C416B9645B29265B /* Pods-Amatda-iOSUITests.release.xcconfig */,
			);
			name = Pods;
			sourceTree = "<group>";
		};
/* End PBXGroup section */

/* Begin PBXNativeTarget section */
		A1A47DE221E1E9EA0067D46B /* Amatda-iOS */ = {
			isa = PBXNativeTarget;
			buildConfigurationList = A1A47E0B21E1E9EC0067D46B /* Build configuration list for PBXNativeTarget "Amatda-iOS" */;
			buildPhases = (
				812F73098B8BF5B7CEAD71A8 /* [CP] Check Pods Manifest.lock */,
				A1A47DDF21E1E9EA0067D46B /* Sources */,
				A1A47DE021E1E9EA0067D46B /* Frameworks */,
				A1A47DE121E1E9EA0067D46B /* Resources */,
				D3E0A91528C50555C48B3DB9 /* [CP] Embed Pods Frameworks */,
				D39ED3904CFFBB3521CECC6A /* [CP] Copy Pods Resources */,
			);
			buildRules = (
			);
			dependencies = (
			);
			name = "Amatda-iOS";
			productName = "Amatda-iOS";
			productReference = A1A47DE321E1E9EA0067D46B /* Amatda-iOS.app */;
			productType = "com.apple.product-type.application";
		};
		A1A47DF621E1E9EC0067D46B /* Amatda-iOSTests */ = {
			isa = PBXNativeTarget;
			buildConfigurationList = A1A47E0E21E1E9EC0067D46B /* Build configuration list for PBXNativeTarget "Amatda-iOSTests" */;
			buildPhases = (
				39CE304ED4E23D71BE99B76A /* [CP] Check Pods Manifest.lock */,
				A1A47DF321E1E9EC0067D46B /* Sources */,
				A1A47DF421E1E9EC0067D46B /* Frameworks */,
				A1A47DF521E1E9EC0067D46B /* Resources */,
				0C7530E163288D635F1601D0 /* [CP] Embed Pods Frameworks */,
				4767C2585FCBF39FE6382431 /* [CP] Copy Pods Resources */,
			);
			buildRules = (
			);
			dependencies = (
				A1A47DF921E1E9EC0067D46B /* PBXTargetDependency */,
			);
			name = "Amatda-iOSTests";
			productName = "Amatda-iOSTests";
			productReference = A1A47DF721E1E9EC0067D46B /* Amatda-iOSTests.xctest */;
			productType = "com.apple.product-type.bundle.unit-test";
		};
		A1A47E0121E1E9EC0067D46B /* Amatda-iOSUITests */ = {
			isa = PBXNativeTarget;
			buildConfigurationList = A1A47E1121E1E9EC0067D46B /* Build configuration list for PBXNativeTarget "Amatda-iOSUITests" */;
			buildPhases = (
				55B9CB9708719FE277E92115 /* [CP] Check Pods Manifest.lock */,
				A1A47DFE21E1E9EC0067D46B /* Sources */,
				A1A47DFF21E1E9EC0067D46B /* Frameworks */,
				A1A47E0021E1E9EC0067D46B /* Resources */,
				D83BA4A278DBF8B540ECA9FC /* [CP] Embed Pods Frameworks */,
				3C59D4233C9DDABEA509114C /* [CP] Copy Pods Resources */,
			);
			buildRules = (
			);
			dependencies = (
				A1A47E0421E1E9EC0067D46B /* PBXTargetDependency */,
			);
			name = "Amatda-iOSUITests";
			productName = "Amatda-iOSUITests";
			productReference = A1A47E0221E1E9EC0067D46B /* Amatda-iOSUITests.xctest */;
			productType = "com.apple.product-type.bundle.ui-testing";
		};
/* End PBXNativeTarget section */

/* Begin PBXProject section */
		A1A47DDB21E1E9EA0067D46B /* Project object */ = {
			isa = PBXProject;
			attributes = {
				LastSwiftUpdateCheck = 1010;
				LastUpgradeCheck = 1010;
				ORGANIZATIONNAME = JHH;
				TargetAttributes = {
					A1A47DE221E1E9EA0067D46B = {
						CreatedOnToolsVersion = 10.1;
					};
					A1A47DF621E1E9EC0067D46B = {
						CreatedOnToolsVersion = 10.1;
						TestTargetID = A1A47DE221E1E9EA0067D46B;
					};
					A1A47E0121E1E9EC0067D46B = {
						CreatedOnToolsVersion = 10.1;
						TestTargetID = A1A47DE221E1E9EA0067D46B;
					};
				};
			};
			buildConfigurationList = A1A47DDE21E1E9EA0067D46B /* Build configuration list for PBXProject "Amatda-iOS" */;
			compatibilityVersion = "Xcode 9.3";
			developmentRegion = en;
			hasScannedForEncodings = 0;
			knownRegions = (
				en,
				Base,
			);
			mainGroup = A1A47DDA21E1E9EA0067D46B;
			productRefGroup = A1A47DE421E1E9EA0067D46B /* Products */;
			projectDirPath = "";
			projectRoot = "";
			targets = (
				A1A47DE221E1E9EA0067D46B /* Amatda-iOS */,
				A1A47DF621E1E9EC0067D46B /* Amatda-iOSTests */,
				A1A47E0121E1E9EC0067D46B /* Amatda-iOSUITests */,
			);
		};
/* End PBXProject section */

/* Begin PBXResourcesBuildPhase section */
		A1A47DE121E1E9EA0067D46B /* Resources */ = {
			isa = PBXResourcesBuildPhase;
			buildActionMask = 2147483647;
			files = (
				A1A47DF121E1E9EB0067D46B /* LaunchScreen.storyboard in Resources */,
				A1A47DEE21E1E9EB0067D46B /* Assets.xcassets in Resources */,
				A1A47DEC21E1E9EA0067D46B /* Main.storyboard in Resources */,
			);
			runOnlyForDeploymentPostprocessing = 0;
		};
		A1A47DF521E1E9EC0067D46B /* Resources */ = {
			isa = PBXResourcesBuildPhase;
			buildActionMask = 2147483647;
			files = (
			);
			runOnlyForDeploymentPostprocessing = 0;
		};
		A1A47E0021E1E9EC0067D46B /* Resources */ = {
			isa = PBXResourcesBuildPhase;
			buildActionMask = 2147483647;
			files = (
			);
			runOnlyForDeploymentPostprocessing = 0;
		};
/* End PBXResourcesBuildPhase section */

/* Begin PBXShellScriptBuildPhase section */
		0C7530E163288D635F1601D0 /* [CP] Embed Pods Frameworks */ = {
			isa = PBXShellScriptBuildPhase;
			buildActionMask = 2147483647;
			files = (
			);
			inputPaths = (
			);
			name = "[CP] Embed Pods Frameworks";
			outputPaths = (
			);
			runOnlyForDeploymentPostprocessing = 0;
			shellPath = /bin/sh;
			shellScript = "\"${SRCROOT}/Pods/Target Support Files/Pods-Amatda-iOSTests/Pods-Amatda-iOSTests-frameworks.sh\"\n";
			showEnvVarsInLog = 0;
		};
		39CE304ED4E23D71BE99B76A /* [CP] Check Pods Manifest.lock */ = {
			isa = PBXShellScriptBuildPhase;
			buildActionMask = 2147483647;
			files = (
			);
			inputPaths = (
				"${PODS_PODFILE_DIR_PATH}/Podfile.lock",
				"${PODS_ROOT}/Manifest.lock",
			);
			name = "[CP] Check Pods Manifest.lock";
			outputPaths = (
				"$(DERIVED_FILE_DIR)/Pods-Amatda-iOSTests-checkManifestLockResult.txt",
			);
			runOnlyForDeploymentPostprocessing = 0;
			shellPath = /bin/sh;
			shellScript = "diff \"${PODS_PODFILE_DIR_PATH}/Podfile.lock\" \"${PODS_ROOT}/Manifest.lock\" > /dev/null\nif [ $? != 0 ] ; then\n    # print error to STDERR\n    echo \"error: The sandbox is not in sync with the Podfile.lock. Run 'pod install' or update your CocoaPods installation.\" >&2\n    exit 1\nfi\n# This output is used by Xcode 'outputs' to avoid re-running this script phase.\necho \"SUCCESS\" > \"${SCRIPT_OUTPUT_FILE_0}\"\n";
			showEnvVarsInLog = 0;
		};
		3C59D4233C9DDABEA509114C /* [CP] Copy Pods Resources */ = {
			isa = PBXShellScriptBuildPhase;
			buildActionMask = 2147483647;
			files = (
			);
			inputPaths = (
			);
			name = "[CP] Copy Pods Resources";
			outputPaths = (
			);
			runOnlyForDeploymentPostprocessing = 0;
			shellPath = /bin/sh;
			shellScript = "\"${SRCROOT}/Pods/Target Support Files/Pods-Amatda-iOSUITests/Pods-Amatda-iOSUITests-resources.sh\"\n";
			showEnvVarsInLog = 0;
		};
		4767C2585FCBF39FE6382431 /* [CP] Copy Pods Resources */ = {
			isa = PBXShellScriptBuildPhase;
			buildActionMask = 2147483647;
			files = (
			);
			inputPaths = (
			);
			name = "[CP] Copy Pods Resources";
			outputPaths = (
			);
			runOnlyForDeploymentPostprocessing = 0;
			shellPath = /bin/sh;
			shellScript = "\"${SRCROOT}/Pods/Target Support Files/Pods-Amatda-iOSTests/Pods-Amatda-iOSTests-resources.sh\"\n";
			showEnvVarsInLog = 0;
		};
		55B9CB9708719FE277E92115 /* [CP] Check Pods Manifest.lock */ = {
			isa = PBXShellScriptBuildPhase;
			buildActionMask = 2147483647;
			files = (
			);
			inputPaths = (
				"${PODS_PODFILE_DIR_PATH}/Podfile.lock",
				"${PODS_ROOT}/Manifest.lock",
			);
			name = "[CP] Check Pods Manifest.lock";
			outputPaths = (
				"$(DERIVED_FILE_DIR)/Pods-Amatda-iOSUITests-checkManifestLockResult.txt",
			);
			runOnlyForDeploymentPostprocessing = 0;
			shellPath = /bin/sh;
			shellScript = "diff \"${PODS_PODFILE_DIR_PATH}/Podfile.lock\" \"${PODS_ROOT}/Manifest.lock\" > /dev/null\nif [ $? != 0 ] ; then\n    # print error to STDERR\n    echo \"error: The sandbox is not in sync with the Podfile.lock. Run 'pod install' or update your CocoaPods installation.\" >&2\n    exit 1\nfi\n# This output is used by Xcode 'outputs' to avoid re-running this script phase.\necho \"SUCCESS\" > \"${SCRIPT_OUTPUT_FILE_0}\"\n";
			showEnvVarsInLog = 0;
		};
		812F73098B8BF5B7CEAD71A8 /* [CP] Check Pods Manifest.lock */ = {
			isa = PBXShellScriptBuildPhase;
			buildActionMask = 2147483647;
			files = (
			);
			inputPaths = (
				"${PODS_PODFILE_DIR_PATH}/Podfile.lock",
				"${PODS_ROOT}/Manifest.lock",
			);
			name = "[CP] Check Pods Manifest.lock";
			outputPaths = (
				"$(DERIVED_FILE_DIR)/Pods-Amatda-iOS-checkManifestLockResult.txt",
			);
			runOnlyForDeploymentPostprocessing = 0;
			shellPath = /bin/sh;
			shellScript = "diff \"${PODS_PODFILE_DIR_PATH}/Podfile.lock\" \"${PODS_ROOT}/Manifest.lock\" > /dev/null\nif [ $? != 0 ] ; then\n    # print error to STDERR\n    echo \"error: The sandbox is not in sync with the Podfile.lock. Run 'pod install' or update your CocoaPods installation.\" >&2\n    exit 1\nfi\n# This output is used by Xcode 'outputs' to avoid re-running this script phase.\necho \"SUCCESS\" > \"${SCRIPT_OUTPUT_FILE_0}\"\n";
			showEnvVarsInLog = 0;
		};
		D39ED3904CFFBB3521CECC6A /* [CP] Copy Pods Resources */ = {
			isa = PBXShellScriptBuildPhase;
			buildActionMask = 2147483647;
			files = (
			);
			inputPaths = (
			);
			name = "[CP] Copy Pods Resources";
			outputPaths = (
			);
			runOnlyForDeploymentPostprocessing = 0;
			shellPath = /bin/sh;
			shellScript = "\"${SRCROOT}/Pods/Target Support Files/Pods-Amatda-iOS/Pods-Amatda-iOS-resources.sh\"\n";
			showEnvVarsInLog = 0;
		};
		D3E0A91528C50555C48B3DB9 /* [CP] Embed Pods Frameworks */ = {
			isa = PBXShellScriptBuildPhase;
			buildActionMask = 2147483647;
			files = (
			);
			inputPaths = (
				"${SRCROOT}/Pods/Target Support Files/Pods-Amatda-iOS/Pods-Amatda-iOS-frameworks.sh",
				"${BUILT_PRODUCTS_DIR}/Alamofire/Alamofire.framework",
				"${BUILT_PRODUCTS_DIR}/Kingfisher/Kingfisher.framework",
				"${BUILT_PRODUCTS_DIR}/RxAtomic/RxAtomic.framework",
				"${BUILT_PRODUCTS_DIR}/RxCocoa/RxCocoa.framework",
				"${BUILT_PRODUCTS_DIR}/RxSwift/RxSwift.framework",
				"${BUILT_PRODUCTS_DIR}/SnapKit/SnapKit.framework",
				"${BUILT_PRODUCTS_DIR}/SwiftyJSON/SwiftyJSON.framework",
			);
			name = "[CP] Embed Pods Frameworks";
			outputPaths = (
				"${TARGET_BUILD_DIR}/${FRAMEWORKS_FOLDER_PATH}/Alamofire.framework",
				"${TARGET_BUILD_DIR}/${FRAMEWORKS_FOLDER_PATH}/Kingfisher.framework",
				"${TARGET_BUILD_DIR}/${FRAMEWORKS_FOLDER_PATH}/RxAtomic.framework",
				"${TARGET_BUILD_DIR}/${FRAMEWORKS_FOLDER_PATH}/RxCocoa.framework",
				"${TARGET_BUILD_DIR}/${FRAMEWORKS_FOLDER_PATH}/RxSwift.framework",
				"${TARGET_BUILD_DIR}/${FRAMEWORKS_FOLDER_PATH}/SnapKit.framework",
				"${TARGET_BUILD_DIR}/${FRAMEWORKS_FOLDER_PATH}/SwiftyJSON.framework",
			);
			runOnlyForDeploymentPostprocessing = 0;
			shellPath = /bin/sh;
			shellScript = "\"${SRCROOT}/Pods/Target Support Files/Pods-Amatda-iOS/Pods-Amatda-iOS-frameworks.sh\"\n";
			showEnvVarsInLog = 0;
		};
		D83BA4A278DBF8B540ECA9FC /* [CP] Embed Pods Frameworks */ = {
			isa = PBXShellScriptBuildPhase;
			buildActionMask = 2147483647;
			files = (
			);
			inputPaths = (
			);
			name = "[CP] Embed Pods Frameworks";
			outputPaths = (
			);
			runOnlyForDeploymentPostprocessing = 0;
			shellPath = /bin/sh;
			shellScript = "\"${SRCROOT}/Pods/Target Support Files/Pods-Amatda-iOSUITests/Pods-Amatda-iOSUITests-frameworks.sh\"\n";
			showEnvVarsInLog = 0;
		};
/* End PBXShellScriptBuildPhase section */

/* Begin PBXSourcesBuildPhase section */
		A1A47DDF21E1E9EA0067D46B /* Sources */ = {
			isa = PBXSourcesBuildPhase;
			buildActionMask = 2147483647;
			files = (
				BABB4F0D21F811FF00616FD7 /* AMViewAnimatable.swift in Sources */,
				BAD622C521EC73FD00BA2C27 /* AMPresentAnimateSetting.swift in Sources */,
				A10D31A221F31718006132C5 /* AMViewControllerUISetAble.swift in Sources */,
				BAD622C621EC73FD00BA2C27 /* AMPresentAnimateViewController.swift in Sources */,
				A10D31AA21F4620E006132C5 /* AMBaseView.swift in Sources */,
				A1A47DE921E1E9EA0067D46B /* AMMainViewController.swift in Sources */,
				A10D31A821F46156006132C5 /* AMWriteView.swift in Sources */,
				A10D319D21F2FA45006132C5 /* AMBaseViewController.swift in Sources */,
				A1A47DE721E1E9EA0067D46B /* AppDelegate.swift in Sources */,
				A13F22D221FF685F006675FC /* AMPlusButton.swift in Sources */,
				A10D31A421F4574F006132C5 /* AMWriteViewController.swift in Sources */,
				BAD622C721EC73FD00BA2C27 /* AMActionAnimate.swift in Sources */,
				A120640E220DAA3B001EC1EF /* AMMainHeaderView.swift in Sources */,
				A1206410220DB1DA001EC1EF /* AMMainHeaderLayout.swift in Sources */,
				A13F22CF21FF643F006675FC /* AMDeviceInfo.swift in Sources */,
				A18841CB2201C922009EC62E /* AMMainViewModel.swift in Sources */,
			);
			runOnlyForDeploymentPostprocessing = 0;
		};
		A1A47DF321E1E9EC0067D46B /* Sources */ = {
			isa = PBXSourcesBuildPhase;
			buildActionMask = 2147483647;
			files = (
				A1A47DFC21E1E9EC0067D46B /* Amatda_iOSTests.swift in Sources */,
			);
			runOnlyForDeploymentPostprocessing = 0;
		};
		A1A47DFE21E1E9EC0067D46B /* Sources */ = {
			isa = PBXSourcesBuildPhase;
			buildActionMask = 2147483647;
			files = (
				A1A47E0721E1E9EC0067D46B /* Amatda_iOSUITests.swift in Sources */,
			);
			runOnlyForDeploymentPostprocessing = 0;
		};
/* End PBXSourcesBuildPhase section */

/* Begin PBXTargetDependency section */
		A1A47DF921E1E9EC0067D46B /* PBXTargetDependency */ = {
			isa = PBXTargetDependency;
			target = A1A47DE221E1E9EA0067D46B /* Amatda-iOS */;
			targetProxy = A1A47DF821E1E9EC0067D46B /* PBXContainerItemProxy */;
		};
		A1A47E0421E1E9EC0067D46B /* PBXTargetDependency */ = {
			isa = PBXTargetDependency;
			target = A1A47DE221E1E9EA0067D46B /* Amatda-iOS */;
			targetProxy = A1A47E0321E1E9EC0067D46B /* PBXContainerItemProxy */;
		};
/* End PBXTargetDependency section */

/* Begin PBXVariantGroup section */
		A1A47DEA21E1E9EA0067D46B /* Main.storyboard */ = {
			isa = PBXVariantGroup;
			children = (
				A1A47DEB21E1E9EA0067D46B /* Base */,
			);
			name = Main.storyboard;
			sourceTree = "<group>";
		};
		A1A47DEF21E1E9EB0067D46B /* LaunchScreen.storyboard */ = {
			isa = PBXVariantGroup;
			children = (
				A1A47DF021E1E9EB0067D46B /* Base */,
			);
			name = LaunchScreen.storyboard;
			sourceTree = "<group>";
		};
/* End PBXVariantGroup section */

/* Begin XCBuildConfiguration section */
		A1A47E0921E1E9EC0067D46B /* Debug */ = {
			isa = XCBuildConfiguration;
			buildSettings = {
				ALWAYS_SEARCH_USER_PATHS = NO;
				CLANG_ANALYZER_NONNULL = YES;
				CLANG_ANALYZER_NUMBER_OBJECT_CONVERSION = YES_AGGRESSIVE;
				CLANG_CXX_LANGUAGE_STANDARD = "gnu++14";
				CLANG_CXX_LIBRARY = "libc++";
				CLANG_ENABLE_MODULES = YES;
				CLANG_ENABLE_OBJC_ARC = YES;
				CLANG_ENABLE_OBJC_WEAK = YES;
				CLANG_WARN_BLOCK_CAPTURE_AUTORELEASING = YES;
				CLANG_WARN_BOOL_CONVERSION = YES;
				CLANG_WARN_COMMA = YES;
				CLANG_WARN_CONSTANT_CONVERSION = YES;
				CLANG_WARN_DEPRECATED_OBJC_IMPLEMENTATIONS = YES;
				CLANG_WARN_DIRECT_OBJC_ISA_USAGE = YES_ERROR;
				CLANG_WARN_DOCUMENTATION_COMMENTS = YES;
				CLANG_WARN_EMPTY_BODY = YES;
				CLANG_WARN_ENUM_CONVERSION = YES;
				CLANG_WARN_INFINITE_RECURSION = YES;
				CLANG_WARN_INT_CONVERSION = YES;
				CLANG_WARN_NON_LITERAL_NULL_CONVERSION = YES;
				CLANG_WARN_OBJC_IMPLICIT_RETAIN_SELF = YES;
				CLANG_WARN_OBJC_LITERAL_CONVERSION = YES;
				CLANG_WARN_OBJC_ROOT_CLASS = YES_ERROR;
				CLANG_WARN_RANGE_LOOP_ANALYSIS = YES;
				CLANG_WARN_STRICT_PROTOTYPES = YES;
				CLANG_WARN_SUSPICIOUS_MOVE = YES;
				CLANG_WARN_UNGUARDED_AVAILABILITY = YES_AGGRESSIVE;
				CLANG_WARN_UNREACHABLE_CODE = YES;
				CLANG_WARN__DUPLICATE_METHOD_MATCH = YES;
				CODE_SIGN_IDENTITY = "iPhone Developer";
				COPY_PHASE_STRIP = NO;
				DEBUG_INFORMATION_FORMAT = dwarf;
				ENABLE_STRICT_OBJC_MSGSEND = YES;
				ENABLE_TESTABILITY = YES;
				GCC_C_LANGUAGE_STANDARD = gnu11;
				GCC_DYNAMIC_NO_PIC = NO;
				GCC_NO_COMMON_BLOCKS = YES;
				GCC_OPTIMIZATION_LEVEL = 0;
				GCC_PREPROCESSOR_DEFINITIONS = (
					"DEBUG=1",
					"$(inherited)",
				);
				GCC_WARN_64_TO_32_BIT_CONVERSION = YES;
				GCC_WARN_ABOUT_RETURN_TYPE = YES_ERROR;
				GCC_WARN_UNDECLARED_SELECTOR = YES;
				GCC_WARN_UNINITIALIZED_AUTOS = YES_AGGRESSIVE;
				GCC_WARN_UNUSED_FUNCTION = YES;
				GCC_WARN_UNUSED_VARIABLE = YES;
				IPHONEOS_DEPLOYMENT_TARGET = 12.1;
				MTL_ENABLE_DEBUG_INFO = INCLUDE_SOURCE;
				MTL_FAST_MATH = YES;
				ONLY_ACTIVE_ARCH = YES;
				SDKROOT = iphoneos;
				SWIFT_ACTIVE_COMPILATION_CONDITIONS = DEBUG;
				SWIFT_OPTIMIZATION_LEVEL = "-Onone";
			};
			name = Debug;
		};
		A1A47E0A21E1E9EC0067D46B /* Release */ = {
			isa = XCBuildConfiguration;
			buildSettings = {
				ALWAYS_SEARCH_USER_PATHS = NO;
				CLANG_ANALYZER_NONNULL = YES;
				CLANG_ANALYZER_NUMBER_OBJECT_CONVERSION = YES_AGGRESSIVE;
				CLANG_CXX_LANGUAGE_STANDARD = "gnu++14";
				CLANG_CXX_LIBRARY = "libc++";
				CLANG_ENABLE_MODULES = YES;
				CLANG_ENABLE_OBJC_ARC = YES;
				CLANG_ENABLE_OBJC_WEAK = YES;
				CLANG_WARN_BLOCK_CAPTURE_AUTORELEASING = YES;
				CLANG_WARN_BOOL_CONVERSION = YES;
				CLANG_WARN_COMMA = YES;
				CLANG_WARN_CONSTANT_CONVERSION = YES;
				CLANG_WARN_DEPRECATED_OBJC_IMPLEMENTATIONS = YES;
				CLANG_WARN_DIRECT_OBJC_ISA_USAGE = YES_ERROR;
				CLANG_WARN_DOCUMENTATION_COMMENTS = YES;
				CLANG_WARN_EMPTY_BODY = YES;
				CLANG_WARN_ENUM_CONVERSION = YES;
				CLANG_WARN_INFINITE_RECURSION = YES;
				CLANG_WARN_INT_CONVERSION = YES;
				CLANG_WARN_NON_LITERAL_NULL_CONVERSION = YES;
				CLANG_WARN_OBJC_IMPLICIT_RETAIN_SELF = YES;
				CLANG_WARN_OBJC_LITERAL_CONVERSION = YES;
				CLANG_WARN_OBJC_ROOT_CLASS = YES_ERROR;
				CLANG_WARN_RANGE_LOOP_ANALYSIS = YES;
				CLANG_WARN_STRICT_PROTOTYPES = YES;
				CLANG_WARN_SUSPICIOUS_MOVE = YES;
				CLANG_WARN_UNGUARDED_AVAILABILITY = YES_AGGRESSIVE;
				CLANG_WARN_UNREACHABLE_CODE = YES;
				CLANG_WARN__DUPLICATE_METHOD_MATCH = YES;
				CODE_SIGN_IDENTITY = "iPhone Developer";
				COPY_PHASE_STRIP = NO;
				DEBUG_INFORMATION_FORMAT = "dwarf-with-dsym";
				ENABLE_NS_ASSERTIONS = NO;
				ENABLE_STRICT_OBJC_MSGSEND = YES;
				GCC_C_LANGUAGE_STANDARD = gnu11;
				GCC_NO_COMMON_BLOCKS = YES;
				GCC_WARN_64_TO_32_BIT_CONVERSION = YES;
				GCC_WARN_ABOUT_RETURN_TYPE = YES_ERROR;
				GCC_WARN_UNDECLARED_SELECTOR = YES;
				GCC_WARN_UNINITIALIZED_AUTOS = YES_AGGRESSIVE;
				GCC_WARN_UNUSED_FUNCTION = YES;
				GCC_WARN_UNUSED_VARIABLE = YES;
				IPHONEOS_DEPLOYMENT_TARGET = 12.1;
				MTL_ENABLE_DEBUG_INFO = NO;
				MTL_FAST_MATH = YES;
				SDKROOT = iphoneos;
				SWIFT_COMPILATION_MODE = wholemodule;
				SWIFT_OPTIMIZATION_LEVEL = "-O";
				VALIDATE_PRODUCT = YES;
			};
			name = Release;
		};
		A1A47E0C21E1E9EC0067D46B /* Debug */ = {
			isa = XCBuildConfiguration;
			baseConfigurationReference = 5DE5AD3FC9D96389C6DB9DD6 /* Pods-Amatda-iOS.debug.xcconfig */;
			buildSettings = {
				ASSETCATALOG_COMPILER_APPICON_NAME = AppIcon;
				CODE_SIGN_STYLE = Automatic;
				DEVELOPMENT_TEAM = 594TR8CRP9;
				INFOPLIST_FILE = "Amatda-iOS/Info.plist";
				IPHONEOS_DEPLOYMENT_TARGET = 11.0;
				LD_RUNPATH_SEARCH_PATHS = (
					"$(inherited)",
					"@executable_path/Frameworks",
				);
				PRODUCT_BUNDLE_IDENTIFIER = "JHH.Amatda-iOS";
				PRODUCT_NAME = "$(TARGET_NAME)";
				SWIFT_VERSION = 4.2;
				TARGETED_DEVICE_FAMILY = "1,2";
			};
			name = Debug;
		};
		A1A47E0D21E1E9EC0067D46B /* Release */ = {
			isa = XCBuildConfiguration;
			baseConfigurationReference = 86A63FD1321982FA3CF7FBFB /* Pods-Amatda-iOS.release.xcconfig */;
			buildSettings = {
				ASSETCATALOG_COMPILER_APPICON_NAME = AppIcon;
				CODE_SIGN_STYLE = Automatic;
				DEVELOPMENT_TEAM = 594TR8CRP9;
				INFOPLIST_FILE = "Amatda-iOS/Info.plist";
				IPHONEOS_DEPLOYMENT_TARGET = 11.0;
				LD_RUNPATH_SEARCH_PATHS = (
					"$(inherited)",
					"@executable_path/Frameworks",
				);
				PRODUCT_BUNDLE_IDENTIFIER = "JHH.Amatda-iOS";
				PRODUCT_NAME = "$(TARGET_NAME)";
				SWIFT_VERSION = 4.2;
				TARGETED_DEVICE_FAMILY = "1,2";
			};
			name = Release;
		};
		A1A47E0F21E1E9EC0067D46B /* Debug */ = {
			isa = XCBuildConfiguration;
			baseConfigurationReference = 987DD9680C6750F554AD46C5 /* Pods-Amatda-iOSTests.debug.xcconfig */;
			buildSettings = {
				ALWAYS_EMBED_SWIFT_STANDARD_LIBRARIES = YES;
				BUNDLE_LOADER = "$(TEST_HOST)";
				CODE_SIGN_STYLE = Automatic;
				DEVELOPMENT_TEAM = 594TR8CRP9;
				INFOPLIST_FILE = "Amatda-iOSTests/Info.plist";
				LD_RUNPATH_SEARCH_PATHS = (
					"$(inherited)",
					"@executable_path/Frameworks",
					"@loader_path/Frameworks",
				);
				PRODUCT_BUNDLE_IDENTIFIER = "JHH.Amatda-iOSTests";
				PRODUCT_NAME = "$(TARGET_NAME)";
				SWIFT_VERSION = 4.2;
				TARGETED_DEVICE_FAMILY = "1,2";
				TEST_HOST = "$(BUILT_PRODUCTS_DIR)/Amatda-iOS.app/Amatda-iOS";
			};
			name = Debug;
		};
		A1A47E1021E1E9EC0067D46B /* Release */ = {
			isa = XCBuildConfiguration;
			baseConfigurationReference = 883A4492F7716ABC318FD620 /* Pods-Amatda-iOSTests.release.xcconfig */;
			buildSettings = {
				ALWAYS_EMBED_SWIFT_STANDARD_LIBRARIES = YES;
				BUNDLE_LOADER = "$(TEST_HOST)";
				CODE_SIGN_STYLE = Automatic;
				DEVELOPMENT_TEAM = 594TR8CRP9;
				INFOPLIST_FILE = "Amatda-iOSTests/Info.plist";
				LD_RUNPATH_SEARCH_PATHS = (
					"$(inherited)",
					"@executable_path/Frameworks",
					"@loader_path/Frameworks",
				);
				PRODUCT_BUNDLE_IDENTIFIER = "JHH.Amatda-iOSTests";
				PRODUCT_NAME = "$(TARGET_NAME)";
				SWIFT_VERSION = 4.2;
				TARGETED_DEVICE_FAMILY = "1,2";
				TEST_HOST = "$(BUILT_PRODUCTS_DIR)/Amatda-iOS.app/Amatda-iOS";
			};
			name = Release;
		};
		A1A47E1221E1E9EC0067D46B /* Debug */ = {
			isa = XCBuildConfiguration;
			baseConfigurationReference = FF4C16790ADCC536F6A0071B /* Pods-Amatda-iOSUITests.debug.xcconfig */;
			buildSettings = {
				ALWAYS_EMBED_SWIFT_STANDARD_LIBRARIES = YES;
				CODE_SIGN_STYLE = Automatic;
				DEVELOPMENT_TEAM = 594TR8CRP9;
				INFOPLIST_FILE = "Amatda-iOSUITests/Info.plist";
				LD_RUNPATH_SEARCH_PATHS = (
					"$(inherited)",
					"@executable_path/Frameworks",
					"@loader_path/Frameworks",
				);
				PRODUCT_BUNDLE_IDENTIFIER = "JHH.Amatda-iOSUITests";
				PRODUCT_NAME = "$(TARGET_NAME)";
				SWIFT_VERSION = 4.2;
				TARGETED_DEVICE_FAMILY = "1,2";
				TEST_TARGET_NAME = "Amatda-iOS";
			};
			name = Debug;
		};
		A1A47E1321E1E9EC0067D46B /* Release */ = {
			isa = XCBuildConfiguration;
			baseConfigurationReference = D809D6D2C416B9645B29265B /* Pods-Amatda-iOSUITests.release.xcconfig */;
			buildSettings = {
				ALWAYS_EMBED_SWIFT_STANDARD_LIBRARIES = YES;
				CODE_SIGN_STYLE = Automatic;
				DEVELOPMENT_TEAM = 594TR8CRP9;
				INFOPLIST_FILE = "Amatda-iOSUITests/Info.plist";
				LD_RUNPATH_SEARCH_PATHS = (
					"$(inherited)",
					"@executable_path/Frameworks",
					"@loader_path/Frameworks",
				);
				PRODUCT_BUNDLE_IDENTIFIER = "JHH.Amatda-iOSUITests";
				PRODUCT_NAME = "$(TARGET_NAME)";
				SWIFT_VERSION = 4.2;
				TARGETED_DEVICE_FAMILY = "1,2";
				TEST_TARGET_NAME = "Amatda-iOS";
			};
			name = Release;
		};
/* End XCBuildConfiguration section */

/* Begin XCConfigurationList section */
		A1A47DDE21E1E9EA0067D46B /* Build configuration list for PBXProject "Amatda-iOS" */ = {
			isa = XCConfigurationList;
			buildConfigurations = (
				A1A47E0921E1E9EC0067D46B /* Debug */,
				A1A47E0A21E1E9EC0067D46B /* Release */,
			);
			defaultConfigurationIsVisible = 0;
			defaultConfigurationName = Release;
		};
		A1A47E0B21E1E9EC0067D46B /* Build configuration list for PBXNativeTarget "Amatda-iOS" */ = {
			isa = XCConfigurationList;
			buildConfigurations = (
				A1A47E0C21E1E9EC0067D46B /* Debug */,
				A1A47E0D21E1E9EC0067D46B /* Release */,
			);
			defaultConfigurationIsVisible = 0;
			defaultConfigurationName = Release;
		};
		A1A47E0E21E1E9EC0067D46B /* Build configuration list for PBXNativeTarget "Amatda-iOSTests" */ = {
			isa = XCConfigurationList;
			buildConfigurations = (
				A1A47E0F21E1E9EC0067D46B /* Debug */,
				A1A47E1021E1E9EC0067D46B /* Release */,
			);
			defaultConfigurationIsVisible = 0;
			defaultConfigurationName = Release;
		};
		A1A47E1121E1E9EC0067D46B /* Build configuration list for PBXNativeTarget "Amatda-iOSUITests" */ = {
			isa = XCConfigurationList;
			buildConfigurations = (
				A1A47E1221E1E9EC0067D46B /* Debug */,
				A1A47E1321E1E9EC0067D46B /* Release */,
			);
			defaultConfigurationIsVisible = 0;
			defaultConfigurationName = Release;
		};
/* End XCConfigurationList section */
	};
	rootObject = A1A47DDB21E1E9EA0067D46B /* Project object */;
}
